
Microsoft Visual Studio Solution File, Format Version 12.00
# Visual Studio Version 17
VisualStudioVersion = 17.7.34031.279
MinimumVisualStudioVersion = 10.0.40219.1
Project("{9A19103F-16F7-4668-BE54-9A1E7A4F7556}") = "ML", "ML\ML.csproj", "{8CC4D133-5EED-4C4D-AE6E-FE3A2316CF63}"
EndProject
Project("{9A19103F-16F7-4668-BE54-9A1E7A4F7556}") = "DL", "DL\DL.csproj", "{A97DB8BC-FF8D-47A3-907A-53482E68EFEC}"
EndProject
Project("{9A19103F-16F7-4668-BE54-9A1E7A4F7556}") = "BL", "BL\BL.csproj", "{A07A36EC-BE1C-437B-B7D5-D17D758C119C}"
EndProject
Project("{9A19103F-16F7-4668-BE54-9A1E7A4F7556}") = "PL_MVC", "PL_MVC\PL_MVC.csproj", "{E3473DD6-E1DE-4C1B-A8B7-969D94BC9228}"
EndProject
Global
	GlobalSection(SolutionConfigurationPlatforms) = preSolution
		Debug|Any CPU = Debug|Any CPU
		Release|Any CPU = Release|Any CPU
	EndGlobalSection
	GlobalSection(ProjectConfigurationPlatforms) = postSolution
		{8CC4D133-5EED-4C4D-AE6E-FE3A2316CF63}.Debug|Any CPU.ActiveCfg = Debug|Any CPU
		{8CC4D133-5EED-4C4D-AE6E-FE3A2316CF63}.Debug|Any CPU.Build.0 = Debug|Any CPU
		{8CC4D133-5EED-4C4D-AE6E-FE3A2316CF63}.Release|Any CPU.ActiveCfg = Release|Any CPU
		{8CC4D133-5EED-4C4D-AE6E-FE3A2316CF63}.Release|Any CPU.Build.0 = Release|Any CPU
		{A97DB8BC-FF8D-47A3-907A-53482E68EFEC}.Debug|Any CPU.ActiveCfg = Debug|Any CPU
		{A97DB8BC-FF8D-47A3-907A-53482E68EFEC}.Debug|Any CPU.Build.0 = Debug|Any CPU
		{A97DB8BC-FF8D-47A3-907A-53482E68EFEC}.Release|Any CPU.ActiveCfg = Release|Any CPU
		{A97DB8BC-FF8D-47A3-907A-53482E68EFEC}.Release|Any CPU.Build.0 = Release|Any CPU
		{A07A36EC-BE1C-437B-B7D5-D17D758C119C}.Debug|Any CPU.ActiveCfg = Debug|Any CPU
		{A07A36EC-BE1C-437B-B7D5-D17D758C119C}.Debug|Any CPU.Build.0 = Debug|Any CPU
		{A07A36EC-BE1C-437B-B7D5-D17D758C119C}.Release|Any CPU.ActiveCfg = Release|Any CPU
		{A07A36EC-BE1C-437B-B7D5-D17D758C119C}.Release|Any CPU.Build.0 = Release|Any CPU
		{E3473DD6-E1DE-4C1B-A8B7-969D94BC9228}.Debug|Any CPU.ActiveCfg = Debug|Any CPU
		{E3473DD6-E1DE-4C1B-A8B7-969D94BC9228}.Debug|Any CPU.Build.0 = Debug|Any CPU
		{E3473DD6-E1DE-4C1B-A8B7-969D94BC9228}.Release|Any CPU.ActiveCfg = Release|Any CPU
		{E3473DD6-E1DE-4C1B-A8B7-969D94BC9228}.Release|Any CPU.Build.0 = Release|Any CPU
	EndGlobalSection
	GlobalSection(SolutionProperties) = preSolution
		HideSolutionNode = FALSE
	EndGlobalSection
	GlobalSection(ExtensibilityGlobals) = postSolution
		SolutionGuid = {1FD73FA3-EC83-42E7-A056-9C31B32346C9}
	EndGlobalSection
EndGlobal
